// !$*UTF8*$!
{
	archiveVersion = 1;
	classes = {
	};
	objectVersion = 55;
	objects = {

/* Begin PBXBuildFile section */
		F008F4DA2885BA8D00E4841B /* CustomUIView.swift in Sources */ = {isa = PBXBuildFile; fileRef = F008F4D92885BA8D00E4841B /* CustomUIView.swift */; };
		F008FC99287F440400B2495D /* en.json in Resources */ = {isa = PBXBuildFile; fileRef = F008FC98287F440400B2495D /* en.json */; };
		F008FC9B287F441500B2495D /* es.json in Resources */ = {isa = PBXBuildFile; fileRef = F008FC9A287F441500B2495D /* es.json */; };
		F008FC9D287F453200B2495D /* UIContent.swift in Sources */ = {isa = PBXBuildFile; fileRef = F008FC9C287F453200B2495D /* UIContent.swift */; };
		F008FC9F287F464900B2495D /* Language.swift in Sources */ = {isa = PBXBuildFile; fileRef = F008FC9E287F464900B2495D /* Language.swift */; };
		F008FCA1287F480000B2495D /* LanguageCoordinator+Generate.swift in Sources */ = {isa = PBXBuildFile; fileRef = F008FCA0287F480000B2495D /* LanguageCoordinator+Generate.swift */; };
		F008FCA3287F480D00B2495D /* LanguageCoordinator+SetCurrentLanguage.swift in Sources */ = {isa = PBXBuildFile; fileRef = F008FCA2287F480D00B2495D /* LanguageCoordinator+SetCurrentLanguage.swift */; };
		F008FCA5287F736F00B2495D /* ViewController+UI.swift in Sources */ = {isa = PBXBuildFile; fileRef = F008FCA4287F736F00B2495D /* ViewController+UI.swift */; };
		F008FCA8287FA68900B2495D /* Styleguide.swift in Sources */ = {isa = PBXBuildFile; fileRef = F008FCA7287FA68900B2495D /* Styleguide.swift */; };
		F008FCAA287FA6CC00B2495D /* Colors.swift in Sources */ = {isa = PBXBuildFile; fileRef = F008FCA9287FA6CC00B2495D /* Colors.swift */; };
		F008FCAC287FA82B00B2495D /* Styleguide+FirstStyle.swift in Sources */ = {isa = PBXBuildFile; fileRef = F008FCAB287FA82B00B2495D /* Styleguide+FirstStyle.swift */; };
		F008FCAE287FA97A00B2495D /* Fonts.swift in Sources */ = {isa = PBXBuildFile; fileRef = F008FCAD287FA97A00B2495D /* Fonts.swift */; };
		F008FCD62885AFA000B2495D /* Styleguide+AttributedStyle.swift in Sources */ = {isa = PBXBuildFile; fileRef = F008FCD52885AF9F00B2495D /* Styleguide+AttributedStyle.swift */; };
		F00DDDCD287C82480062AA1E /* AppDelegate.swift in Sources */ = {isa = PBXBuildFile; fileRef = F00DDDCC287C82480062AA1E /* AppDelegate.swift */; };
		F00DDDCF287C82480062AA1E /* SceneDelegate.swift in Sources */ = {isa = PBXBuildFile; fileRef = F00DDDCE287C82480062AA1E /* SceneDelegate.swift */; };
		F00DDDD1287C82480062AA1E /* ViewController.swift in Sources */ = {isa = PBXBuildFile; fileRef = F00DDDD0287C82480062AA1E /* ViewController.swift */; };
		F00DDDD4287C82480062AA1E /* Main.storyboard in Resources */ = {isa = PBXBuildFile; fileRef = F00DDDD2287C82480062AA1E /* Main.storyboard */; };
		F00DDDD6287C824A0062AA1E /* Assets.xcassets in Resources */ = {isa = PBXBuildFile; fileRef = F00DDDD5287C824A0062AA1E /* Assets.xcassets */; };
		F00DDDD9287C824A0062AA1E /* LaunchScreen.storyboard in Resources */ = {isa = PBXBuildFile; fileRef = F00DDDD7287C824A0062AA1E /* LaunchScreen.storyboard */; };
		F00DDDEF287C93B70062AA1E /* TinyConstraints in Frameworks */ = {isa = PBXBuildFile; productRef = F00DDDEE287C93B70062AA1E /* TinyConstraints */; };
		F00DDE01287C9B310062AA1E /* .swiftlint.yml in Resources */ = {isa = PBXBuildFile; fileRef = F00DDE00287C9B310062AA1E /* .swiftlint.yml */; };
		F02DBF062996C9B000A49E88 /* getDeviceOrientation.swift in Sources */ = {isa = PBXBuildFile; fileRef = F02DBF052996C9B000A49E88 /* getDeviceOrientation.swift */; };
		F02DBF082996CF6600A49E88 /* DeactivateConstraints.swift in Sources */ = {isa = PBXBuildFile; fileRef = F02DBF072996CF6600A49E88 /* DeactivateConstraints.swift */; };
		F02DBF0A2996CFAF00A49E88 /* ActivateConstraints.swift in Sources */ = {isa = PBXBuildFile; fileRef = F02DBF092996CFAE00A49E88 /* ActivateConstraints.swift */; };
		F0397F4C2885EE49002AF19B /* CustomUIView+UI.swift in Sources */ = {isa = PBXBuildFile; fileRef = F0397F4B2885EE49002AF19B /* CustomUIView+UI.swift */; };
		F0397F4E2885EE65002AF19B /* CustomUIView+Notifications.swift in Sources */ = {isa = PBXBuildFile; fileRef = F0397F4D2885EE65002AF19B /* CustomUIView+Notifications.swift */; };
		F0397F502885EEA4002AF19B /* CustomUIView+Gestures.swift in Sources */ = {isa = PBXBuildFile; fileRef = F0397F4F2885EEA4002AF19B /* CustomUIView+Gestures.swift */; };
		F0397F522885EEAD002AF19B /* CustomUIView+Touches.swift in Sources */ = {isa = PBXBuildFile; fileRef = F0397F512885EEAD002AF19B /* CustomUIView+Touches.swift */; };
		F0397F542885EEB5002AF19B /* CustomUIView+Animations.swift in Sources */ = {isa = PBXBuildFile; fileRef = F0397F532885EEB5002AF19B /* CustomUIView+Animations.swift */; };
		F0397F562885EEC8002AF19B /* CustomUIView+Update.swift in Sources */ = {isa = PBXBuildFile; fileRef = F0397F552885EEC8002AF19B /* CustomUIView+Update.swift */; };
		F0397F5828861611002AF19B /* SystemNotifications.swift in Sources */ = {isa = PBXBuildFile; fileRef = F0397F5728861611002AF19B /* SystemNotifications.swift */; };
		F0397F5A288741CB002AF19B /* ViewController+Update.swift in Sources */ = {isa = PBXBuildFile; fileRef = F0397F59288741CA002AF19B /* ViewController+Update.swift */; };
		F0397F5F28884732002AF19B /* UIScrollView+UpdateContent.swift in Sources */ = {isa = PBXBuildFile; fileRef = F0397F5E28884732002AF19B /* UIScrollView+UpdateContent.swift */; };
		F0397F61288847BC002AF19B /* PrintSystemFonts.swift in Sources */ = {isa = PBXBuildFile; fileRef = F0397F60288847BC002AF19B /* PrintSystemFonts.swift */; };
		F0397F6728885DA0002AF19B /* UpdateSafeAreaInsets.swift in Sources */ = {isa = PBXBuildFile; fileRef = F0397F6628885DA0002AF19B /* UpdateSafeAreaInsets.swift */; };
		F0397F6928888C0D002AF19B /* UIImages.swift in Sources */ = {isa = PBXBuildFile; fileRef = F0397F6828888C0D002AF19B /* UIImages.swift */; };
		F0A96623287DF22C000E5FCD /* DebuggingIdentifiers.swift in Sources */ = {isa = PBXBuildFile; fileRef = F0A96622287DF22C000E5FCD /* DebuggingIdentifiers.swift */; };
		F0A96626287E0017000E5FCD /* LanguageCoordinator.swift in Sources */ = {isa = PBXBuildFile; fileRef = F0A96625287E0017000E5FCD /* LanguageCoordinator.swift */; };
		F0C79C6A28B25DE400C1DCAF /* DataCoordinator.swift in Sources */ = {isa = PBXBuildFile; fileRef = F0C79C6928B25DE400C1DCAF /* DataCoordinator.swift */; };
		F0C79C6D28B2652900C1DCAF /* APIConfiguration.swift in Sources */ = {isa = PBXBuildFile; fileRef = F0C79C6C28B2652900C1DCAF /* APIConfiguration.swift */; };
		F0C79C6F28B2693E00C1DCAF /* HTTPMethod.swift in Sources */ = {isa = PBXBuildFile; fileRef = F0C79C6E28B2693E00C1DCAF /* HTTPMethod.swift */; };
		F0C79C7128B269DE00C1DCAF /* NetworkError.swift in Sources */ = {isa = PBXBuildFile; fileRef = F0C79C7028B269DE00C1DCAF /* NetworkError.swift */; };
		F0C79C7428B26B3D00C1DCAF /* Configuration.plist in Resources */ = {isa = PBXBuildFile; fileRef = F0C79C7328B26B3D00C1DCAF /* Configuration.plist */; };
		F0C79C7628B26D1400C1DCAF /* Configuration.swift in Sources */ = {isa = PBXBuildFile; fileRef = F0C79C7528B26D1400C1DCAF /* Configuration.swift */; };
		F0C79C7828B26E6800C1DCAF /* ConfigurationKeys.swift in Sources */ = {isa = PBXBuildFile; fileRef = F0C79C7728B26E6800C1DCAF /* ConfigurationKeys.swift */; };
		F0C79C7A28B2719500C1DCAF /* Configuration+Get.swift in Sources */ = {isa = PBXBuildFile; fileRef = F0C79C7928B2719500C1DCAF /* Configuration+Get.swift */; };
		F0C79C7C28B35BC500C1DCAF /* APIClient.swift in Sources */ = {isa = PBXBuildFile; fileRef = F0C79C7B28B35BC500C1DCAF /* APIClient.swift */; };
		F0C79C8E28BA8EEC00C1DCAF /* APIRequestHeader.swift in Sources */ = {isa = PBXBuildFile; fileRef = F0C79C8D28BA8EEC00C1DCAF /* APIRequestHeader.swift */; };
		F0DD144A29BA1688003122C8 /* RemoveAllViews.swift in Sources */ = {isa = PBXBuildFile; fileRef = F0DD144929BA1688003122C8 /* RemoveAllViews.swift */; };
		F0DD144D29BDFAD0003122C8 /* DynamicLabelCell﻿.swift in Sources */ = {isa = PBXBuildFile; fileRef = F0DD144C29BDFAD0003122C8 /* DynamicLabelCell﻿.swift */; };
		F0DD145129BDFD31003122C8 /* DynamicLabelCell﻿+UI.swift in Sources */ = {isa = PBXBuildFile; fileRef = F0DD145029BDFD31003122C8 /* DynamicLabelCell﻿+UI.swift */; };
		F0DD145329BE020C003122C8 /* DynamicLabelCell﻿+Update.swift in Sources */ = {isa = PBXBuildFile; fileRef = F0DD145229BE020C003122C8 /* DynamicLabelCell﻿+Update.swift */; };
		F0DD145529BE053E003122C8 /* CustomUIView+CollectionView.swift in Sources */ = {isa = PBXBuildFile; fileRef = F0DD145429BE053E003122C8 /* CustomUIView+CollectionView.swift */; };
		F0ED1DC628A427600031B362 /* Constants.swift in Sources */ = {isa = PBXBuildFile; fileRef = F0ED1DC528A427600031B362 /* Constants.swift */; };
/* End PBXBuildFile section */

/* Begin PBXFileReference section */
		F008F4D92885BA8D00E4841B /* CustomUIView.swift */ = {isa = PBXFileReference; lastKnownFileType = sourcecode.swift; path = CustomUIView.swift; sourceTree = "<group>"; };
		F008FC98287F440400B2495D /* en.json */ = {isa = PBXFileReference; lastKnownFileType = text.json; path = en.json; sourceTree = "<group>"; };
		F008FC9A287F441500B2495D /* es.json */ = {isa = PBXFileReference; lastKnownFileType = text.json; path = es.json; sourceTree = "<group>"; };
		F008FC9C287F453200B2495D /* UIContent.swift */ = {isa = PBXFileReference; lastKnownFileType = sourcecode.swift; path = UIContent.swift; sourceTree = "<group>"; };
		F008FC9E287F464900B2495D /* Language.swift */ = {isa = PBXFileReference; lastKnownFileType = sourcecode.swift; path = Language.swift; sourceTree = "<group>"; };
		F008FCA0287F480000B2495D /* LanguageCoordinator+Generate.swift */ = {isa = PBXFileReference; lastKnownFileType = sourcecode.swift; path = "LanguageCoordinator+Generate.swift"; sourceTree = "<group>"; };
		F008FCA2287F480D00B2495D /* LanguageCoordinator+SetCurrentLanguage.swift */ = {isa = PBXFileReference; lastKnownFileType = sourcecode.swift; path = "LanguageCoordinator+SetCurrentLanguage.swift"; sourceTree = "<group>"; };
		F008FCA4287F736F00B2495D /* ViewController+UI.swift */ = {isa = PBXFileReference; lastKnownFileType = sourcecode.swift; path = "ViewController+UI.swift"; sourceTree = "<group>"; };
		F008FCA7287FA68900B2495D /* Styleguide.swift */ = {isa = PBXFileReference; lastKnownFileType = sourcecode.swift; path = Styleguide.swift; sourceTree = "<group>"; };
		F008FCA9287FA6CC00B2495D /* Colors.swift */ = {isa = PBXFileReference; lastKnownFileType = sourcecode.swift; path = Colors.swift; sourceTree = "<group>"; };
		F008FCAB287FA82B00B2495D /* Styleguide+FirstStyle.swift */ = {isa = PBXFileReference; lastKnownFileType = sourcecode.swift; path = "Styleguide+FirstStyle.swift"; sourceTree = "<group>"; };
		F008FCAD287FA97A00B2495D /* Fonts.swift */ = {isa = PBXFileReference; lastKnownFileType = sourcecode.swift; path = Fonts.swift; sourceTree = "<group>"; };
		F008FCD52885AF9F00B2495D /* Styleguide+AttributedStyle.swift */ = {isa = PBXFileReference; lastKnownFileType = sourcecode.swift; path = "Styleguide+AttributedStyle.swift"; sourceTree = "<group>"; };
		F00DDDC9287C82480062AA1E /* Starter Project.app */ = {isa = PBXFileReference; explicitFileType = wrapper.application; includeInIndex = 0; path = "Starter Project.app"; sourceTree = BUILT_PRODUCTS_DIR; };
		F00DDDCC287C82480062AA1E /* AppDelegate.swift */ = {isa = PBXFileReference; lastKnownFileType = sourcecode.swift; path = AppDelegate.swift; sourceTree = "<group>"; };
		F00DDDCE287C82480062AA1E /* SceneDelegate.swift */ = {isa = PBXFileReference; lastKnownFileType = sourcecode.swift; path = SceneDelegate.swift; sourceTree = "<group>"; };
		F00DDDD0287C82480062AA1E /* ViewController.swift */ = {isa = PBXFileReference; lastKnownFileType = sourcecode.swift; path = ViewController.swift; sourceTree = "<group>"; };
		F00DDDD3287C82480062AA1E /* Base */ = {isa = PBXFileReference; lastKnownFileType = file.storyboard; name = Base; path = Base.lproj/Main.storyboard; sourceTree = "<group>"; };
		F00DDDD5287C824A0062AA1E /* Assets.xcassets */ = {isa = PBXFileReference; lastKnownFileType = folder.assetcatalog; path = Assets.xcassets; sourceTree = "<group>"; };
		F00DDDD8287C824A0062AA1E /* Base */ = {isa = PBXFileReference; lastKnownFileType = file.storyboard; name = Base; path = Base.lproj/LaunchScreen.storyboard; sourceTree = "<group>"; };
		F00DDDDA287C824A0062AA1E /* Info.plist */ = {isa = PBXFileReference; lastKnownFileType = text.plist.xml; path = Info.plist; sourceTree = "<group>"; };
		F00DDE00287C9B310062AA1E /* .swiftlint.yml */ = {isa = PBXFileReference; lastKnownFileType = text.yaml; path = .swiftlint.yml; sourceTree = "<group>"; };
		F02DBF052996C9B000A49E88 /* getDeviceOrientation.swift */ = {isa = PBXFileReference; lastKnownFileType = sourcecode.swift; path = getDeviceOrientation.swift; sourceTree = "<group>"; };
		F02DBF072996CF6600A49E88 /* DeactivateConstraints.swift */ = {isa = PBXFileReference; lastKnownFileType = sourcecode.swift; path = DeactivateConstraints.swift; sourceTree = "<group>"; };
		F02DBF092996CFAE00A49E88 /* ActivateConstraints.swift */ = {isa = PBXFileReference; lastKnownFileType = sourcecode.swift; path = ActivateConstraints.swift; sourceTree = "<group>"; };
		F0397F4B2885EE49002AF19B /* CustomUIView+UI.swift */ = {isa = PBXFileReference; lastKnownFileType = sourcecode.swift; path = "CustomUIView+UI.swift"; sourceTree = "<group>"; };
		F0397F4D2885EE65002AF19B /* CustomUIView+Notifications.swift */ = {isa = PBXFileReference; lastKnownFileType = sourcecode.swift; path = "CustomUIView+Notifications.swift"; sourceTree = "<group>"; };
		F0397F4F2885EEA4002AF19B /* CustomUIView+Gestures.swift */ = {isa = PBXFileReference; lastKnownFileType = sourcecode.swift; path = "CustomUIView+Gestures.swift"; sourceTree = "<group>"; };
		F0397F512885EEAD002AF19B /* CustomUIView+Touches.swift */ = {isa = PBXFileReference; lastKnownFileType = sourcecode.swift; path = "CustomUIView+Touches.swift"; sourceTree = "<group>"; };
		F0397F532885EEB5002AF19B /* CustomUIView+Animations.swift */ = {isa = PBXFileReference; lastKnownFileType = sourcecode.swift; path = "CustomUIView+Animations.swift"; sourceTree = "<group>"; };
		F0397F552885EEC8002AF19B /* CustomUIView+Update.swift */ = {isa = PBXFileReference; lastKnownFileType = sourcecode.swift; path = "CustomUIView+Update.swift"; sourceTree = "<group>"; };
		F0397F5728861611002AF19B /* SystemNotifications.swift */ = {isa = PBXFileReference; lastKnownFileType = sourcecode.swift; path = SystemNotifications.swift; sourceTree = "<group>"; };
		F0397F59288741CA002AF19B /* ViewController+Update.swift */ = {isa = PBXFileReference; lastKnownFileType = sourcecode.swift; path = "ViewController+Update.swift"; sourceTree = "<group>"; };
		F0397F5E28884732002AF19B /* UIScrollView+UpdateContent.swift */ = {isa = PBXFileReference; lastKnownFileType = sourcecode.swift; path = "UIScrollView+UpdateContent.swift"; sourceTree = "<group>"; };
		F0397F60288847BC002AF19B /* PrintSystemFonts.swift */ = {isa = PBXFileReference; lastKnownFileType = sourcecode.swift; path = PrintSystemFonts.swift; sourceTree = "<group>"; };
		F0397F6628885DA0002AF19B /* UpdateSafeAreaInsets.swift */ = {isa = PBXFileReference; lastKnownFileType = sourcecode.swift; path = UpdateSafeAreaInsets.swift; sourceTree = "<group>"; };
		F0397F6828888C0D002AF19B /* UIImages.swift */ = {isa = PBXFileReference; lastKnownFileType = sourcecode.swift; path = UIImages.swift; sourceTree = "<group>"; };
		F0A96622287DF22C000E5FCD /* DebuggingIdentifiers.swift */ = {isa = PBXFileReference; lastKnownFileType = sourcecode.swift; path = DebuggingIdentifiers.swift; sourceTree = "<group>"; };
		F0A96625287E0017000E5FCD /* LanguageCoordinator.swift */ = {isa = PBXFileReference; lastKnownFileType = sourcecode.swift; path = LanguageCoordinator.swift; sourceTree = "<group>"; };
		F0C79C6928B25DE400C1DCAF /* DataCoordinator.swift */ = {isa = PBXFileReference; lastKnownFileType = sourcecode.swift; path = DataCoordinator.swift; sourceTree = "<group>"; };
		F0C79C6C28B2652900C1DCAF /* APIConfiguration.swift */ = {isa = PBXFileReference; lastKnownFileType = sourcecode.swift; path = APIConfiguration.swift; sourceTree = "<group>"; };
		F0C79C6E28B2693E00C1DCAF /* HTTPMethod.swift */ = {isa = PBXFileReference; lastKnownFileType = sourcecode.swift; path = HTTPMethod.swift; sourceTree = "<group>"; };
		F0C79C7028B269DE00C1DCAF /* NetworkError.swift */ = {isa = PBXFileReference; lastKnownFileType = sourcecode.swift; path = NetworkError.swift; sourceTree = "<group>"; };
		F0C79C7328B26B3D00C1DCAF /* Configuration.plist */ = {isa = PBXFileReference; lastKnownFileType = text.plist.xml; path = Configuration.plist; sourceTree = "<group>"; };
		F0C79C7528B26D1400C1DCAF /* Configuration.swift */ = {isa = PBXFileReference; lastKnownFileType = sourcecode.swift; path = Configuration.swift; sourceTree = "<group>"; };
		F0C79C7728B26E6800C1DCAF /* ConfigurationKeys.swift */ = {isa = PBXFileReference; lastKnownFileType = sourcecode.swift; path = ConfigurationKeys.swift; sourceTree = "<group>"; };
		F0C79C7928B2719500C1DCAF /* Configuration+Get.swift */ = {isa = PBXFileReference; lastKnownFileType = sourcecode.swift; path = "Configuration+Get.swift"; sourceTree = "<group>"; };
		F0C79C7B28B35BC500C1DCAF /* APIClient.swift */ = {isa = PBXFileReference; lastKnownFileType = sourcecode.swift; path = APIClient.swift; sourceTree = "<group>"; };
		F0C79C8D28BA8EEC00C1DCAF /* APIRequestHeader.swift */ = {isa = PBXFileReference; lastKnownFileType = sourcecode.swift; path = APIRequestHeader.swift; sourceTree = "<group>"; };
		F0DD144929BA1688003122C8 /* RemoveAllViews.swift */ = {isa = PBXFileReference; lastKnownFileType = sourcecode.swift; path = RemoveAllViews.swift; sourceTree = "<group>"; };
		F0DD144C29BDFAD0003122C8 /* DynamicLabelCell﻿.swift */ = {isa = PBXFileReference; lastKnownFileType = sourcecode.swift; path = "DynamicLabelCell﻿.swift"; sourceTree = "<group>"; };
		F0DD145029BDFD31003122C8 /* DynamicLabelCell﻿+UI.swift */ = {isa = PBXFileReference; lastKnownFileType = sourcecode.swift; path = "DynamicLabelCell﻿+UI.swift"; sourceTree = "<group>"; };
		F0DD145229BE020C003122C8 /* DynamicLabelCell﻿+Update.swift */ = {isa = PBXFileReference; lastKnownFileType = sourcecode.swift; path = "DynamicLabelCell﻿+Update.swift"; sourceTree = "<group>"; };
		F0DD145429BE053E003122C8 /* CustomUIView+CollectionView.swift */ = {isa = PBXFileReference; lastKnownFileType = sourcecode.swift; path = "CustomUIView+CollectionView.swift"; sourceTree = "<group>"; };
		F0ED1DC528A427600031B362 /* Constants.swift */ = {isa = PBXFileReference; lastKnownFileType = sourcecode.swift; path = Constants.swift; sourceTree = "<group>"; };
/* End PBXFileReference section */

/* Begin PBXFrameworksBuildPhase section */
		F00DDDC6287C82480062AA1E /* Frameworks */ = {
			isa = PBXFrameworksBuildPhase;
			buildActionMask = 2147483647;
			files = (
				F00DDDEF287C93B70062AA1E /* TinyConstraints in Frameworks */,
			);
			runOnlyForDeploymentPostprocessing = 0;
		};
/* End PBXFrameworksBuildPhase section */

/* Begin PBXGroup section */
		F008F4D82885BA8400E4841B /* CustomUIView */ = {
			isa = PBXGroup;
			children = (
				F008F4D92885BA8D00E4841B /* CustomUIView.swift */,
				F0397F4B2885EE49002AF19B /* CustomUIView+UI.swift */,
				F0397F4D2885EE65002AF19B /* CustomUIView+Notifications.swift */,
				F0397F4F2885EEA4002AF19B /* CustomUIView+Gestures.swift */,
				F0397F512885EEAD002AF19B /* CustomUIView+Touches.swift */,
				F0397F532885EEB5002AF19B /* CustomUIView+Animations.swift */,
				F0397F552885EEC8002AF19B /* CustomUIView+Update.swift */,
			);
			path = CustomUIView;
			sourceTree = "<group>";
		};
		F008FC95287F432D00B2495D /* LanguageContent */ = {
			isa = PBXGroup;
			children = (
				F008FC96287F435800B2495D /* Strings */,
				F008FC97287F435F00B2495D /* Content */,
			);
			path = LanguageContent;
			sourceTree = "<group>";
		};
		F008FC96287F435800B2495D /* Strings */ = {
			isa = PBXGroup;
			children = (
				F008FC98287F440400B2495D /* en.json */,
				F008FC9A287F441500B2495D /* es.json */,
			);
			path = Strings;
			sourceTree = "<group>";
		};
		F008FC97287F435F00B2495D /* Content */ = {
			isa = PBXGroup;
			children = (
				F008FC9C287F453200B2495D /* UIContent.swift */,
				F008FC9E287F464900B2495D /* Language.swift */,
			);
			path = Content;
			sourceTree = "<group>";
		};
		F008FCA6287FA5E200B2495D /* Styleguide */ = {
			isa = PBXGroup;
			children = (
				F008FCA7287FA68900B2495D /* Styleguide.swift */,
				F008FCAB287FA82B00B2495D /* Styleguide+FirstStyle.swift */,
				F008FCD52885AF9F00B2495D /* Styleguide+AttributedStyle.swift */,
			);
			path = Styleguide;
			sourceTree = "<group>";
		};
		F00DDDC0287C82480062AA1E = {
			isa = PBXGroup;
			children = (
				F00DDDCB287C82480062AA1E /* Starter Project */,
				F00DDDCA287C82480062AA1E /* Products */,
			);
			sourceTree = "<group>";
		};
		F00DDDCA287C82480062AA1E /* Products */ = {
			isa = PBXGroup;
			children = (
				F00DDDC9287C82480062AA1E /* Starter Project.app */,
			);
			name = Products;
			sourceTree = "<group>";
		};
		F00DDDCB287C82480062AA1E /* Starter Project */ = {
			isa = PBXGroup;
			children = (
				F0397F5B288846E6002AF19B /* Utils */,
				F00DDDE6287C82DD0062AA1E /* Files */,
				F00DDDE1287C82B80062AA1E /* Models */,
				F00DDDE2287C82BD0062AA1E /* UI */,
				F00DDDE5287C82D00062AA1E /* Coordinators */,
				F00DDDE0287C82AC0062AA1E /* RootViewController */,
				F00DDDCC287C82480062AA1E /* AppDelegate.swift */,
				F00DDDCE287C82480062AA1E /* SceneDelegate.swift */,
				F00DDDD2287C82480062AA1E /* Main.storyboard */,
				F00DDDD5287C824A0062AA1E /* Assets.xcassets */,
				F00DDDD7287C824A0062AA1E /* LaunchScreen.storyboard */,
				F00DDDDA287C824A0062AA1E /* Info.plist */,
				F00DDE00287C9B310062AA1E /* .swiftlint.yml */,
			);
			path = "Starter Project";
			sourceTree = "<group>";
		};
		F00DDDE0287C82AC0062AA1E /* RootViewController */ = {
			isa = PBXGroup;
			children = (
				F00DDDD0287C82480062AA1E /* ViewController.swift */,
				F008FCA4287F736F00B2495D /* ViewController+UI.swift */,
				F0397F59288741CA002AF19B /* ViewController+Update.swift */,
			);
			path = RootViewController;
			sourceTree = "<group>";
		};
		F00DDDE1287C82B80062AA1E /* Models */ = {
			isa = PBXGroup;
			children = (
				F0C79C6B28B2649F00C1DCAF /* API */,
				F0C79C7228B26B2700C1DCAF /* Configuration */,
				F00DDDEC287C937B0062AA1E /* States */,
				F00DDDEB287C93710062AA1E /* Notifications */,
				F00DDDEA287C936D0062AA1E /* Constants */,
				F008FC95287F432D00B2495D /* LanguageContent */,
			);
			path = Models;
			sourceTree = "<group>";
		};
		F00DDDE2287C82BD0062AA1E /* UI */ = {
			isa = PBXGroup;
			children = (
				F00DDDE4287C82C50062AA1E /* Components */,
				F00DDDE3287C82C10062AA1E /* Screens */,
			);
			path = UI;
			sourceTree = "<group>";
		};
		F00DDDE3287C82C10062AA1E /* Screens */ = {
			isa = PBXGroup;
			children = (
				F008F4D82885BA8400E4841B /* CustomUIView */,
			);
			path = Screens;
			sourceTree = "<group>";
		};
		F00DDDE4287C82C50062AA1E /* Components */ = {
			isa = PBXGroup;
			children = (
				F0DD144B29BDFABD003122C8 /* DynamicLabelCell﻿ */,
			);
			path = Components;
			sourceTree = "<group>";
		};
		F00DDDE5287C82D00062AA1E /* Coordinators */ = {
			isa = PBXGroup;
			children = (
				F0DD145429BE053E003122C8 /* CustomUIView+CollectionView.swift */,
				F0C79C6828B25DD600C1DCAF /* DataCoordinator */,
				F008FCA6287FA5E200B2495D /* Styleguide */,
				F0A96624287DFF6E000E5FCD /* LanguageCoordinator */,
			);
			path = Coordinators;
			sourceTree = "<group>";
		};
		F00DDDE6287C82DD0062AA1E /* Files */ = {
			isa = PBXGroup;
			children = (
				F0BC948628C7B63E005FFF58 /* Videos */,
				F0BC948528C7B639005FFF58 /* Fonts */,
			);
			path = Files;
			sourceTree = "<group>";
		};
		F00DDDEA287C936D0062AA1E /* Constants */ = {
			isa = PBXGroup;
			children = (
				F0A96622287DF22C000E5FCD /* DebuggingIdentifiers.swift */,
				F008FCA9287FA6CC00B2495D /* Colors.swift */,
				F008FCAD287FA97A00B2495D /* Fonts.swift */,
				F0397F6828888C0D002AF19B /* UIImages.swift */,
				F0ED1DC528A427600031B362 /* Constants.swift */,
			);
			path = Constants;
			sourceTree = "<group>";
		};
		F00DDDEB287C93710062AA1E /* Notifications */ = {
			isa = PBXGroup;
			children = (
				F0397F5728861611002AF19B /* SystemNotifications.swift */,
			);
			path = Notifications;
			sourceTree = "<group>";
		};
		F00DDDEC287C937B0062AA1E /* States */ = {
			isa = PBXGroup;
			children = (
			);
			path = States;
			sourceTree = "<group>";
		};
		F02DBF042996C99E00A49E88 /* Orientation */ = {
			isa = PBXGroup;
			children = (
				F02DBF052996C9B000A49E88 /* getDeviceOrientation.swift */,
			);
			path = Orientation;
			sourceTree = "<group>";
		};
		F0397F5B288846E6002AF19B /* Utils */ = {
			isa = PBXGroup;
			children = (
				F0DD144829BA167E003122C8 /* UIView */,
				F02DBF042996C99E00A49E88 /* Orientation */,
				F0397F6528885D96002AF19B /* Constraints */,
				F0397F5D288846F7002AF19B /* ScrollView */,
				F0397F5C288846F2002AF19B /* Fonts */,
			);
			path = Utils;
			sourceTree = "<group>";
		};
		F0397F5C288846F2002AF19B /* Fonts */ = {
			isa = PBXGroup;
			children = (
				F0397F60288847BC002AF19B /* PrintSystemFonts.swift */,
			);
			path = Fonts;
			sourceTree = "<group>";
		};
		F0397F5D288846F7002AF19B /* ScrollView */ = {
			isa = PBXGroup;
			children = (
				F0397F5E28884732002AF19B /* UIScrollView+UpdateContent.swift */,
			);
			path = ScrollView;
			sourceTree = "<group>";
		};
		F0397F6528885D96002AF19B /* Constraints */ = {
			isa = PBXGroup;
			children = (
				F0397F6628885DA0002AF19B /* UpdateSafeAreaInsets.swift */,
				F02DBF072996CF6600A49E88 /* DeactivateConstraints.swift */,
				F02DBF092996CFAE00A49E88 /* ActivateConstraints.swift */,
			);
			path = Constraints;
			sourceTree = "<group>";
		};
		F0A96624287DFF6E000E5FCD /* LanguageCoordinator */ = {
			isa = PBXGroup;
			children = (
				F0A96625287E0017000E5FCD /* LanguageCoordinator.swift */,
				F008FCA0287F480000B2495D /* LanguageCoordinator+Generate.swift */,
				F008FCA2287F480D00B2495D /* LanguageCoordinator+SetCurrentLanguage.swift */,
			);
			path = LanguageCoordinator;
			sourceTree = "<group>";
		};
		F0BC948528C7B639005FFF58 /* Fonts */ = {
			isa = PBXGroup;
			children = (
			);
			path = Fonts;
			sourceTree = "<group>";
		};
		F0BC948628C7B63E005FFF58 /* Videos */ = {
			isa = PBXGroup;
			children = (
			);
			path = Videos;
			sourceTree = "<group>";
		};
		F0C79C6828B25DD600C1DCAF /* DataCoordinator */ = {
			isa = PBXGroup;
			children = (
				F0C79C6928B25DE400C1DCAF /* DataCoordinator.swift */,
			);
			path = DataCoordinator;
			sourceTree = "<group>";
		};
		F0C79C6B28B2649F00C1DCAF /* API */ = {
			isa = PBXGroup;
			children = (
				F0C79C7B28B35BC500C1DCAF /* APIClient.swift */,
				F0C79C6C28B2652900C1DCAF /* APIConfiguration.swift */,
				F0C79C8D28BA8EEC00C1DCAF /* APIRequestHeader.swift */,
				F0C79C6E28B2693E00C1DCAF /* HTTPMethod.swift */,
				F0C79C7028B269DE00C1DCAF /* NetworkError.swift */,
			);
			path = API;
			sourceTree = "<group>";
		};
		F0C79C7228B26B2700C1DCAF /* Configuration */ = {
			isa = PBXGroup;
			children = (
				F0C79C7328B26B3D00C1DCAF /* Configuration.plist */,
				F0C79C7528B26D1400C1DCAF /* Configuration.swift */,
				F0C79C7928B2719500C1DCAF /* Configuration+Get.swift */,
				F0C79C7728B26E6800C1DCAF /* ConfigurationKeys.swift */,
			);
			path = Configuration;
			sourceTree = "<group>";
		};
		F0DD144829BA167E003122C8 /* UIView */ = {
			isa = PBXGroup;
			children = (
				F0DD144929BA1688003122C8 /* RemoveAllViews.swift */,
			);
			path = UIView;
			sourceTree = "<group>";
		};
		F0DD144B29BDFABD003122C8 /* DynamicLabelCell﻿ */ = {
			isa = PBXGroup;
			children = (
				F0DD144C29BDFAD0003122C8 /* DynamicLabelCell﻿.swift */,
				F0DD145029BDFD31003122C8 /* DynamicLabelCell﻿+UI.swift */,
				F0DD145229BE020C003122C8 /* DynamicLabelCell﻿+Update.swift */,
			);
			path = "DynamicLabelCell﻿";
			sourceTree = "<group>";
		};
/* End PBXGroup section */

/* Begin PBXNativeTarget section */
		F00DDDC8287C82480062AA1E /* Starter Project */ = {
			isa = PBXNativeTarget;
			buildConfigurationList = F00DDDDD287C824A0062AA1E /* Build configuration list for PBXNativeTarget "Starter Project" */;
			buildPhases = (
				F00DDDC5287C82480062AA1E /* Sources */,
				F00DDDC6287C82480062AA1E /* Frameworks */,
				F00DDDC7287C82480062AA1E /* Resources */,
				F00DDDF5287C95E80062AA1E /* Run Script */,
			);
			buildRules = (
			);
			dependencies = (
			);
			name = "Starter Project";
			packageProductDependencies = (
				F00DDDEE287C93B70062AA1E /* TinyConstraints */,
			);
			productName = "Starter Project";
			productReference = F00DDDC9287C82480062AA1E /* Starter Project.app */;
			productType = "com.apple.product-type.application";
		};
/* End PBXNativeTarget section */

/* Begin PBXProject section */
		F00DDDC1287C82480062AA1E /* Project object */ = {
			isa = PBXProject;
			attributes = {
				BuildIndependentTargetsInParallel = 1;
				LastSwiftUpdateCheck = 1340;
				LastUpgradeCheck = 1340;
				TargetAttributes = {
					F00DDDC8287C82480062AA1E = {
						CreatedOnToolsVersion = 13.4.1;
					};
				};
			};
			buildConfigurationList = F00DDDC4287C82480062AA1E /* Build configuration list for PBXProject "Starter Project" */;
			compatibilityVersion = "Xcode 13.0";
			developmentRegion = en;
			hasScannedForEncodings = 0;
			knownRegions = (
				en,
				Base,
			);
			mainGroup = F00DDDC0287C82480062AA1E;
			packageReferences = (
				F00DDDED287C93B70062AA1E /* XCRemoteSwiftPackageReference "TinyConstraints" */,
			);
			productRefGroup = F00DDDCA287C82480062AA1E /* Products */;
			projectDirPath = "";
			projectRoot = "";
			targets = (
				F00DDDC8287C82480062AA1E /* Starter Project */,
			);
		};
/* End PBXProject section */

/* Begin PBXResourcesBuildPhase section */
		F00DDDC7287C82480062AA1E /* Resources */ = {
			isa = PBXResourcesBuildPhase;
			buildActionMask = 2147483647;
			files = (
				F008FC99287F440400B2495D /* en.json in Resources */,
				F00DDE01287C9B310062AA1E /* .swiftlint.yml in Resources */,
				F0C79C7428B26B3D00C1DCAF /* Configuration.plist in Resources */,
				F00DDDD9287C824A0062AA1E /* LaunchScreen.storyboard in Resources */,
				F008FC9B287F441500B2495D /* es.json in Resources */,
				F00DDDD6287C824A0062AA1E /* Assets.xcassets in Resources */,
				F00DDDD4287C82480062AA1E /* Main.storyboard in Resources */,
			);
			runOnlyForDeploymentPostprocessing = 0;
		};
/* End PBXResourcesBuildPhase section */

/* Begin PBXShellScriptBuildPhase section */
		F00DDDF5287C95E80062AA1E /* Run Script */ = {
			isa = PBXShellScriptBuildPhase;
			buildActionMask = 2147483647;
			files = (
			);
			inputFileListPaths = (
			);
			inputPaths = (
			);
			name = "Run Script";
			outputFileListPaths = (
			);
			outputPaths = (
			);
			runOnlyForDeploymentPostprocessing = 0;
			shellPath = /bin/sh;
			shellScript = "# Type a script or drag a script file from your workspace to insert its path.\nif which swiftlint >/dev/null; then\n  swiftlint autocorrect --format\nelse\n  echo \"warning: SwiftLint not installed, download from https://github.com/realm/SwiftLint\"\nfi\n";
		};
/* End PBXShellScriptBuildPhase section */

/* Begin PBXSourcesBuildPhase section */
		F00DDDC5287C82480062AA1E /* Sources */ = {
			isa = PBXSourcesBuildPhase;
			buildActionMask = 2147483647;
			files = (
				F0C79C6F28B2693E00C1DCAF /* HTTPMethod.swift in Sources */,
				F02DBF0A2996CFAF00A49E88 /* ActivateConstraints.swift in Sources */,
				F0C79C6A28B25DE400C1DCAF /* DataCoordinator.swift in Sources */,
				F0397F4C2885EE49002AF19B /* CustomUIView+UI.swift in Sources */,
				F0397F542885EEB5002AF19B /* CustomUIView+Animations.swift in Sources */,
				F0397F4E2885EE65002AF19B /* CustomUIView+Notifications.swift in Sources */,
				F008FCAE287FA97A00B2495D /* Fonts.swift in Sources */,
				F00DDDD1287C82480062AA1E /* ViewController.swift in Sources */,
				F0ED1DC628A427600031B362 /* Constants.swift in Sources */,
				F02DBF082996CF6600A49E88 /* DeactivateConstraints.swift in Sources */,
				F0DD144A29BA1688003122C8 /* RemoveAllViews.swift in Sources */,
				F0397F6928888C0D002AF19B /* UIImages.swift in Sources */,
				F0DD144D29BDFAD0003122C8 /* DynamicLabelCell﻿.swift in Sources */,
				F0C79C7128B269DE00C1DCAF /* NetworkError.swift in Sources */,
				F0C79C7628B26D1400C1DCAF /* Configuration.swift in Sources */,
				F0C79C6D28B2652900C1DCAF /* APIConfiguration.swift in Sources */,
				F008FCAA287FA6CC00B2495D /* Colors.swift in Sources */,
				F008FCA3287F480D00B2495D /* LanguageCoordinator+SetCurrentLanguage.swift in Sources */,
				F008F4DA2885BA8D00E4841B /* CustomUIView.swift in Sources */,
				F00DDDCD287C82480062AA1E /* AppDelegate.swift in Sources */,
				F008FCAC287FA82B00B2495D /* Styleguide+FirstStyle.swift in Sources */,
				F0C79C7828B26E6800C1DCAF /* ConfigurationKeys.swift in Sources */,
				F00DDDCF287C82480062AA1E /* SceneDelegate.swift in Sources */,
				F0397F5A288741CB002AF19B /* ViewController+Update.swift in Sources */,
				F008FC9F287F464900B2495D /* Language.swift in Sources */,
				F0C79C7A28B2719500C1DCAF /* Configuration+Get.swift in Sources */,
				F0DD145129BDFD31003122C8 /* DynamicLabelCell﻿+UI.swift in Sources */,
				F0397F5F28884732002AF19B /* UIScrollView+UpdateContent.swift in Sources */,
				F0397F562885EEC8002AF19B /* CustomUIView+Update.swift in Sources */,
				F0397F61288847BC002AF19B /* PrintSystemFonts.swift in Sources */,
				F008FCA8287FA68900B2495D /* Styleguide.swift in Sources */,
				F0A96623287DF22C000E5FCD /* DebuggingIdentifiers.swift in Sources */,
				F0DD145529BE053E003122C8 /* CustomUIView+CollectionView.swift in Sources */,
				F008FCD62885AFA000B2495D /* Styleguide+AttributedStyle.swift in Sources */,
				F0C79C7C28B35BC500C1DCAF /* APIClient.swift in Sources */,
				F0A96626287E0017000E5FCD /* LanguageCoordinator.swift in Sources */,
				F02DBF062996C9B000A49E88 /* getDeviceOrientation.swift in Sources */,
				F0397F522885EEAD002AF19B /* CustomUIView+Touches.swift in Sources */,
				F0DD145329BE020C003122C8 /* DynamicLabelCell﻿+Update.swift in Sources */,
				F0C79C8E28BA8EEC00C1DCAF /* APIRequestHeader.swift in Sources */,
				F0397F502885EEA4002AF19B /* CustomUIView+Gestures.swift in Sources */,
				F0397F5828861611002AF19B /* SystemNotifications.swift in Sources */,
				F0397F6728885DA0002AF19B /* UpdateSafeAreaInsets.swift in Sources */,
				F008FC9D287F453200B2495D /* UIContent.swift in Sources */,
				F008FCA5287F736F00B2495D /* ViewController+UI.swift in Sources */,
				F008FCA1287F480000B2495D /* LanguageCoordinator+Generate.swift in Sources */,
			);
			runOnlyForDeploymentPostprocessing = 0;
		};
/* End PBXSourcesBuildPhase section */

/* Begin PBXVariantGroup section */
		F00DDDD2287C82480062AA1E /* Main.storyboard */ = {
			isa = PBXVariantGroup;
			children = (
				F00DDDD3287C82480062AA1E /* Base */,
			);
			name = Main.storyboard;
			sourceTree = "<group>";
		};
		F00DDDD7287C824A0062AA1E /* LaunchScreen.storyboard */ = {
			isa = PBXVariantGroup;
			children = (
				F00DDDD8287C824A0062AA1E /* Base */,
			);
			name = LaunchScreen.storyboard;
			sourceTree = "<group>";
		};
/* End PBXVariantGroup section */

/* Begin XCBuildConfiguration section */
		F00DDDDB287C824A0062AA1E /* Debug */ = {
			isa = XCBuildConfiguration;
			buildSettings = {
				ALWAYS_SEARCH_USER_PATHS = NO;
				CLANG_ANALYZER_NONNULL = YES;
				CLANG_ANALYZER_NUMBER_OBJECT_CONVERSION = YES_AGGRESSIVE;
				CLANG_CXX_LANGUAGE_STANDARD = "gnu++17";
				CLANG_ENABLE_MODULES = YES;
				CLANG_ENABLE_OBJC_ARC = YES;
				CLANG_ENABLE_OBJC_WEAK = YES;
				CLANG_WARN_BLOCK_CAPTURE_AUTORELEASING = YES;
				CLANG_WARN_BOOL_CONVERSION = YES;
				CLANG_WARN_COMMA = YES;
				CLANG_WARN_CONSTANT_CONVERSION = YES;
				CLANG_WARN_DEPRECATED_OBJC_IMPLEMENTATIONS = YES;
				CLANG_WARN_DIRECT_OBJC_ISA_USAGE = YES_ERROR;
				CLANG_WARN_DOCUMENTATION_COMMENTS = YES;
				CLANG_WARN_EMPTY_BODY = YES;
				CLANG_WARN_ENUM_CONVERSION = YES;
				CLANG_WARN_INFINITE_RECURSION = YES;
				CLANG_WARN_INT_CONVERSION = YES;
				CLANG_WARN_NON_LITERAL_NULL_CONVERSION = YES;
				CLANG_WARN_OBJC_IMPLICIT_RETAIN_SELF = YES;
				CLANG_WARN_OBJC_LITERAL_CONVERSION = YES;
				CLANG_WARN_OBJC_ROOT_CLASS = YES_ERROR;
				CLANG_WARN_QUOTED_INCLUDE_IN_FRAMEWORK_HEADER = YES;
				CLANG_WARN_RANGE_LOOP_ANALYSIS = YES;
				CLANG_WARN_STRICT_PROTOTYPES = YES;
				CLANG_WARN_SUSPICIOUS_MOVE = YES;
				CLANG_WARN_UNGUARDED_AVAILABILITY = YES_AGGRESSIVE;
				CLANG_WARN_UNREACHABLE_CODE = YES;
				CLANG_WARN__DUPLICATE_METHOD_MATCH = YES;
				COPY_PHASE_STRIP = NO;
				DEBUG_INFORMATION_FORMAT = dwarf;
				ENABLE_STRICT_OBJC_MSGSEND = YES;
				ENABLE_TESTABILITY = YES;
				GCC_C_LANGUAGE_STANDARD = gnu11;
				GCC_DYNAMIC_NO_PIC = NO;
				GCC_NO_COMMON_BLOCKS = YES;
				GCC_OPTIMIZATION_LEVEL = 0;
				GCC_PREPROCESSOR_DEFINITIONS = (
					"DEBUG=1",
					"$(inherited)",
				);
				GCC_WARN_64_TO_32_BIT_CONVERSION = YES;
				GCC_WARN_ABOUT_RETURN_TYPE = YES_ERROR;
				GCC_WARN_UNDECLARED_SELECTOR = YES;
				GCC_WARN_UNINITIALIZED_AUTOS = YES_AGGRESSIVE;
				GCC_WARN_UNUSED_FUNCTION = YES;
				GCC_WARN_UNUSED_VARIABLE = YES;
				IPHONEOS_DEPLOYMENT_TARGET = 15.5;
				MTL_ENABLE_DEBUG_INFO = INCLUDE_SOURCE;
				MTL_FAST_MATH = YES;
				ONLY_ACTIVE_ARCH = YES;
				SDKROOT = iphoneos;
				SWIFT_ACTIVE_COMPILATION_CONDITIONS = DEBUG;
				SWIFT_OPTIMIZATION_LEVEL = "-Onone";
			};
			name = Debug;
		};
		F00DDDDC287C824A0062AA1E /* Release */ = {
			isa = XCBuildConfiguration;
			buildSettings = {
				ALWAYS_SEARCH_USER_PATHS = NO;
				CLANG_ANALYZER_NONNULL = YES;
				CLANG_ANALYZER_NUMBER_OBJECT_CONVERSION = YES_AGGRESSIVE;
				CLANG_CXX_LANGUAGE_STANDARD = "gnu++17";
				CLANG_ENABLE_MODULES = YES;
				CLANG_ENABLE_OBJC_ARC = YES;
				CLANG_ENABLE_OBJC_WEAK = YES;
				CLANG_WARN_BLOCK_CAPTURE_AUTORELEASING = YES;
				CLANG_WARN_BOOL_CONVERSION = YES;
				CLANG_WARN_COMMA = YES;
				CLANG_WARN_CONSTANT_CONVERSION = YES;
				CLANG_WARN_DEPRECATED_OBJC_IMPLEMENTATIONS = YES;
				CLANG_WARN_DIRECT_OBJC_ISA_USAGE = YES_ERROR;
				CLANG_WARN_DOCUMENTATION_COMMENTS = YES;
				CLANG_WARN_EMPTY_BODY = YES;
				CLANG_WARN_ENUM_CONVERSION = YES;
				CLANG_WARN_INFINITE_RECURSION = YES;
				CLANG_WARN_INT_CONVERSION = YES;
				CLANG_WARN_NON_LITERAL_NULL_CONVERSION = YES;
				CLANG_WARN_OBJC_IMPLICIT_RETAIN_SELF = YES;
				CLANG_WARN_OBJC_LITERAL_CONVERSION = YES;
				CLANG_WARN_OBJC_ROOT_CLASS = YES_ERROR;
				CLANG_WARN_QUOTED_INCLUDE_IN_FRAMEWORK_HEADER = YES;
				CLANG_WARN_RANGE_LOOP_ANALYSIS = YES;
				CLANG_WARN_STRICT_PROTOTYPES = YES;
				CLANG_WARN_SUSPICIOUS_MOVE = YES;
				CLANG_WARN_UNGUARDED_AVAILABILITY = YES_AGGRESSIVE;
				CLANG_WARN_UNREACHABLE_CODE = YES;
				CLANG_WARN__DUPLICATE_METHOD_MATCH = YES;
				COPY_PHASE_STRIP = NO;
				DEBUG_INFORMATION_FORMAT = "dwarf-with-dsym";
				ENABLE_NS_ASSERTIONS = NO;
				ENABLE_STRICT_OBJC_MSGSEND = YES;
				GCC_C_LANGUAGE_STANDARD = gnu11;
				GCC_NO_COMMON_BLOCKS = YES;
				GCC_WARN_64_TO_32_BIT_CONVERSION = YES;
				GCC_WARN_ABOUT_RETURN_TYPE = YES_ERROR;
				GCC_WARN_UNDECLARED_SELECTOR = YES;
				GCC_WARN_UNINITIALIZED_AUTOS = YES_AGGRESSIVE;
				GCC_WARN_UNUSED_FUNCTION = YES;
				GCC_WARN_UNUSED_VARIABLE = YES;
				IPHONEOS_DEPLOYMENT_TARGET = 15.5;
				MTL_ENABLE_DEBUG_INFO = NO;
				MTL_FAST_MATH = YES;
				SDKROOT = iphoneos;
				SWIFT_COMPILATION_MODE = wholemodule;
				SWIFT_OPTIMIZATION_LEVEL = "-O";
				VALIDATE_PRODUCT = YES;
			};
			name = Release;
		};
		F00DDDDE287C824A0062AA1E /* Debug */ = {
			isa = XCBuildConfiguration;
			buildSettings = {
				ASSETCATALOG_COMPILER_APPICON_NAME = AppIcon;
				ASSETCATALOG_COMPILER_GLOBAL_ACCENT_COLOR_NAME = AccentColor;
				CODE_SIGN_STYLE = Automatic;
				CURRENT_PROJECT_VERSION = 1;
				DEVELOPMENT_TEAM = 7A7MF4P2T9;
				GENERATE_INFOPLIST_FILE = YES;
				INFOPLIST_FILE = "Starter Project/Info.plist";
				INFOPLIST_KEY_UIApplicationSupportsIndirectInputEvents = YES;
				INFOPLIST_KEY_UILaunchStoryboardName = LaunchScreen;
				INFOPLIST_KEY_UIMainStoryboardFile = Main;
				INFOPLIST_KEY_UISupportedInterfaceOrientations_iPad = "UIInterfaceOrientationPortrait UIInterfaceOrientationPortraitUpsideDown UIInterfaceOrientationLandscapeLeft UIInterfaceOrientationLandscapeRight";
				INFOPLIST_KEY_UISupportedInterfaceOrientations_iPhone = "UIInterfaceOrientationPortrait UIInterfaceOrientationLandscapeLeft UIInterfaceOrientationLandscapeRight";
				LD_RUNPATH_SEARCH_PATHS = (
					"$(inherited)",
					"@executable_path/Frameworks",
				);
				MARKETING_VERSION = 1.0;
				PRODUCT_BUNDLE_IDENTIFIER = "com.delasign.Starter-Project";
				PRODUCT_NAME = "$(TARGET_NAME)";
				SWIFT_EMIT_LOC_STRINGS = YES;
				SWIFT_VERSION = 5.0;
				TARGETED_DEVICE_FAMILY = "1,2";
			};
			name = Debug;
		};
		F00DDDDF287C824A0062AA1E /* Release */ = {
			isa = XCBuildConfiguration;
			buildSettings = {
				ASSETCATALOG_COMPILER_APPICON_NAME = AppIcon;
				ASSETCATALOG_COMPILER_GLOBAL_ACCENT_COLOR_NAME = AccentColor;
				CODE_SIGN_STYLE = Automatic;
				CURRENT_PROJECT_VERSION = 1;
				DEVELOPMENT_TEAM = 7A7MF4P2T9;
				GENERATE_INFOPLIST_FILE = YES;
				INFOPLIST_FILE = "Starter Project/Info.plist";
				INFOPLIST_KEY_UIApplicationSupportsIndirectInputEvents = YES;
				INFOPLIST_KEY_UILaunchStoryboardName = LaunchScreen;
				INFOPLIST_KEY_UIMainStoryboardFile = Main;
				INFOPLIST_KEY_UISupportedInterfaceOrientations_iPad = "UIInterfaceOrientationPortrait UIInterfaceOrientationPortraitUpsideDown UIInterfaceOrientationLandscapeLeft UIInterfaceOrientationLandscapeRight";
				INFOPLIST_KEY_UISupportedInterfaceOrientations_iPhone = "UIInterfaceOrientationPortrait UIInterfaceOrientationLandscapeLeft UIInterfaceOrientationLandscapeRight";
				LD_RUNPATH_SEARCH_PATHS = (
					"$(inherited)",
					"@executable_path/Frameworks",
				);
				MARKETING_VERSION = 1.0;
				PRODUCT_BUNDLE_IDENTIFIER = "com.delasign.Starter-Project";
				PRODUCT_NAME = "$(TARGET_NAME)";
				SWIFT_EMIT_LOC_STRINGS = YES;
				SWIFT_VERSION = 5.0;
				TARGETED_DEVICE_FAMILY = "1,2";
			};
			name = Release;
		};
/* End XCBuildConfiguration section */

/* Begin XCConfigurationList section */
		F00DDDC4287C82480062AA1E /* Build configuration list for PBXProject "Starter Project" */ = {
			isa = XCConfigurationList;
			buildConfigurations = (
				F00DDDDB287C824A0062AA1E /* Debug */,
				F00DDDDC287C824A0062AA1E /* Release */,
			);
			defaultConfigurationIsVisible = 0;
			defaultConfigurationName = Release;
		};
		F00DDDDD287C824A0062AA1E /* Build configuration list for PBXNativeTarget "Starter Project" */ = {
			isa = XCConfigurationList;
			buildConfigurations = (
				F00DDDDE287C824A0062AA1E /* Debug */,
				F00DDDDF287C824A0062AA1E /* Release */,
			);
			defaultConfigurationIsVisible = 0;
			defaultConfigurationName = Release;
		};
/* End XCConfigurationList section */

/* Begin XCRemoteSwiftPackageReference section */
		F00DDDED287C93B70062AA1E /* XCRemoteSwiftPackageReference "TinyConstraints" */ = {
			isa = XCRemoteSwiftPackageReference;
			repositoryURL = "https://github.com/roberthein/TinyConstraints";
			requirement = {
				kind = upToNextMajorVersion;
				minimumVersion = 4.0.0;
			};
		};
/* End XCRemoteSwiftPackageReference section */

/* Begin XCSwiftPackageProductDependency section */
		F00DDDEE287C93B70062AA1E /* TinyConstraints */ = {
			isa = XCSwiftPackageProductDependency;
			package = F00DDDED287C93B70062AA1E /* XCRemoteSwiftPackageReference "TinyConstraints" */;
			productName = TinyConstraints;
		};
/* End XCSwiftPackageProductDependency section */
	};
	rootObject = F00DDDC1287C82480062AA1E /* Project object */;
}
